
Microsoft Visual Studio Solution File, Format Version 12.00
# Visual Studio 2012
Project("{FAE04EC0-301F-11D3-BF4B-00C04F79EFBC}") = "basicSample_cs_p", "basicSample_cs_p.csproj", "{FBDC4395-CF3E-4754-82D1-A2AD195C3E27}"
EndProject
Project("{FAE04EC0-301F-11D3-BF4B-00C04F79EFBC}") = "Pangea", "..\Pangea.Servicos\Pangea.Servicos\Pangea\Pangea.csproj", "{D2EC8BAD-641C-4527-9474-203F1F8DB1DB}"
EndProject
Global
	GlobalSection(SolutionConfigurationPlatforms) = preSolution
		Debug|Any CPU = Debug|Any CPU
		Debug|x64 = Debug|x64
		Release|Any CPU = Release|Any CPU
		Release|x64 = Release|x64
	EndGlobalSection
	GlobalSection(ProjectConfigurationPlatforms) = postSolution
		{FBDC4395-CF3E-4754-82D1-A2AD195C3E27}.Debug|Any CPU.ActiveCfg = Debug|Any CPU
		{FBDC4395-CF3E-4754-82D1-A2AD195C3E27}.Debug|Any CPU.Build.0 = Debug|Any CPU
		{FBDC4395-CF3E-4754-82D1-A2AD195C3E27}.Debug|x64.ActiveCfg = Debug|Any CPU
		{FBDC4395-CF3E-4754-82D1-A2AD195C3E27}.Release|Any CPU.ActiveCfg = Release|Any CPU
		{FBDC4395-CF3E-4754-82D1-A2AD195C3E27}.Release|Any CPU.Build.0 = Release|Any CPU
		{FBDC4395-CF3E-4754-82D1-A2AD195C3E27}.Release|x64.ActiveCfg = Release|Any CPU
		{D2EC8BAD-641C-4527-9474-203F1F8DB1DB}.Debug|Any CPU.ActiveCfg = Debug|Any CPU
		{D2EC8BAD-641C-4527-9474-203F1F8DB1DB}.Debug|Any CPU.Build.0 = Debug|Any CPU
		{D2EC8BAD-641C-4527-9474-203F1F8DB1DB}.Debug|x64.ActiveCfg = Debug|x64
		{D2EC8BAD-641C-4527-9474-203F1F8DB1DB}.Debug|x64.Build.0 = Debug|x64
		{D2EC8BAD-641C-4527-9474-203F1F8DB1DB}.Release|Any CPU.ActiveCfg = Release|Any CPU
		{D2EC8BAD-641C-4527-9474-203F1F8DB1DB}.Release|Any CPU.Build.0 = Release|Any CPU
		{D2EC8BAD-641C-4527-9474-203F1F8DB1DB}.Release|x64.ActiveCfg = Release|x64
		{D2EC8BAD-641C-4527-9474-203F1F8DB1DB}.Release|x64.Build.0 = Release|x64
	EndGlobalSection
	GlobalSection(SolutionProperties) = preSolution
		HideSolutionNode = FALSE
	EndGlobalSection
EndGlobal
